// !$*UTF8*$!
{
	archiveVersion = 1;
	classes = {
	};
	objectVersion = 46;
	objects = {

/* Begin PBXBuildFile section */
		E11CE1281CE792E40056B6C9 /* AppDelegate.swift in Sources */ = {isa = PBXBuildFile; fileRef = E11CE1271CE792E40056B6C9 /* AppDelegate.swift */; };
		E11CE12A1CE792E40056B6C9 /* ViewController.swift in Sources */ = {isa = PBXBuildFile; fileRef = E11CE1291CE792E40056B6C9 /* ViewController.swift */; };
		E11CE12D1CE792E40056B6C9 /* StartPage.storyboard in Resources */ = {isa = PBXBuildFile; fileRef = E11CE12B1CE792E40056B6C9 /* StartPage.storyboard */; };
		E11CE12F1CE792E40056B6C9 /* Assets.xcassets in Resources */ = {isa = PBXBuildFile; fileRef = E11CE12E1CE792E40056B6C9 /* Assets.xcassets */; };
		E11CE1321CE792E40056B6C9 /* LaunchScreen.storyboard in Resources */ = {isa = PBXBuildFile; fileRef = E11CE1301CE792E40056B6C9 /* LaunchScreen.storyboard */; };
		E11CE13A1CE795670056B6C9 /* FindCauses.storyboard in Resources */ = {isa = PBXBuildFile; fileRef = E11CE1391CE795670056B6C9 /* FindCauses.storyboard */; };
		E11CE13C1CE79B8C0056B6C9 /* DataModel.swift in Sources */ = {isa = PBXBuildFile; fileRef = E11CE13B1CE79B8C0056B6C9 /* DataModel.swift */; };
		E11CE13E1CE79C6B0056B6C9 /* ProjectListCell.swift in Sources */ = {isa = PBXBuildFile; fileRef = E11CE13D1CE79C6B0056B6C9 /* ProjectListCell.swift */; };
		E11CE1401CE79C810056B6C9 /* ProjectListTable.swift in Sources */ = {isa = PBXBuildFile; fileRef = E11CE13F1CE79C810056B6C9 /* ProjectListTable.swift */; };
		E11CE1421CE79E0A0056B6C9 /* ProjectListTableViewController.swift in Sources */ = {isa = PBXBuildFile; fileRef = E11CE1411CE79E0A0056B6C9 /* ProjectListTableViewController.swift */; };
		E11CE1461CE79F690056B6C9 /* FBSDKCoreKit.framework in Frameworks */ = {isa = PBXBuildFile; fileRef = E11CE1431CE79F690056B6C9 /* FBSDKCoreKit.framework */; };
		E11CE1471CE79F690056B6C9 /* FBSDKLoginKit.framework in Frameworks */ = {isa = PBXBuildFile; fileRef = E11CE1441CE79F690056B6C9 /* FBSDKLoginKit.framework */; };
		E11CE1481CE79F690056B6C9 /* FBSDKShareKit.framework in Frameworks */ = {isa = PBXBuildFile; fileRef = E11CE1451CE79F690056B6C9 /* FBSDKShareKit.framework */; };
		E11CE14B1CE7A24D0056B6C9 /* Objective-CBridgingHeader.m in Sources */ = {isa = PBXBuildFile; fileRef = E11CE14A1CE7A24D0056B6C9 /* Objective-CBridgingHeader.m */; };
/* End PBXBuildFile section */

/* Begin PBXFileReference section */
		E11CE1241CE792E40056B6C9 /* Hackathon App.app */ = {isa = PBXFileReference; explicitFileType = wrapper.application; includeInIndex = 0; path = "Hackathon App.app"; sourceTree = BUILT_PRODUCTS_DIR; };
		E11CE1271CE792E40056B6C9 /* AppDelegate.swift */ = {isa = PBXFileReference; lastKnownFileType = sourcecode.swift; path = AppDelegate.swift; sourceTree = "<group>"; };
		E11CE1291CE792E40056B6C9 /* ViewController.swift */ = {isa = PBXFileReference; lastKnownFileType = sourcecode.swift; path = ViewController.swift; sourceTree = "<group>"; };
		E11CE12C1CE792E40056B6C9 /* Base */ = {isa = PBXFileReference; lastKnownFileType = file.storyboard; name = Base; path = Base.lproj/StartPage.storyboard; sourceTree = "<group>"; };
		E11CE12E1CE792E40056B6C9 /* Assets.xcassets */ = {isa = PBXFileReference; lastKnownFileType = folder.assetcatalog; path = Assets.xcassets; sourceTree = "<group>"; };
		E11CE1311CE792E40056B6C9 /* Base */ = {isa = PBXFileReference; lastKnownFileType = file.storyboard; name = Base; path = Base.lproj/LaunchScreen.storyboard; sourceTree = "<group>"; };
		E11CE1331CE792E40056B6C9 /* Info.plist */ = {isa = PBXFileReference; lastKnownFileType = text.plist.xml; path = Info.plist; sourceTree = "<group>"; };
		E11CE1391CE795670056B6C9 /* FindCauses.storyboard */ = {isa = PBXFileReference; fileEncoding = 4; lastKnownFileType = file.storyboard; path = FindCauses.storyboard; sourceTree = "<group>"; };
		E11CE13B1CE79B8C0056B6C9 /* DataModel.swift */ = {isa = PBXFileReference; fileEncoding = 4; lastKnownFileType = sourcecode.swift; path = DataModel.swift; sourceTree = "<group>"; };
		E11CE13D1CE79C6B0056B6C9 /* ProjectListCell.swift */ = {isa = PBXFileReference; fileEncoding = 4; lastKnownFileType = sourcecode.swift; path = ProjectListCell.swift; sourceTree = "<group>"; };
		E11CE13F1CE79C810056B6C9 /* ProjectListTable.swift */ = {isa = PBXFileReference; fileEncoding = 4; lastKnownFileType = sourcecode.swift; path = ProjectListTable.swift; sourceTree = "<group>"; };
		E11CE1411CE79E0A0056B6C9 /* ProjectListTableViewController.swift */ = {isa = PBXFileReference; fileEncoding = 4; lastKnownFileType = sourcecode.swift; name = ProjectListTableViewController.swift; path = ../ProjectListTableViewController.swift; sourceTree = "<group>"; };
		E11CE1431CE79F690056B6C9 /* FBSDKCoreKit.framework */ = {isa = PBXFileReference; lastKnownFileType = wrapper.framework; path = FBSDKCoreKit.framework; sourceTree = "<group>"; };
		E11CE1441CE79F690056B6C9 /* FBSDKLoginKit.framework */ = {isa = PBXFileReference; lastKnownFileType = wrapper.framework; path = FBSDKLoginKit.framework; sourceTree = "<group>"; };
		E11CE1451CE79F690056B6C9 /* FBSDKShareKit.framework */ = {isa = PBXFileReference; lastKnownFileType = wrapper.framework; path = FBSDKShareKit.framework; sourceTree = "<group>"; };
		E11CE1491CE7A24D0056B6C9 /* Hackathon App-Bridging-Header.h */ = {isa = PBXFileReference; lastKnownFileType = sourcecode.c.h; path = "Hackathon App-Bridging-Header.h"; sourceTree = "<group>"; };
		E11CE14A1CE7A24D0056B6C9 /* Objective-CBridgingHeader.m */ = {isa = PBXFileReference; fileEncoding = 4; lastKnownFileType = sourcecode.c.objc; path = "Objective-CBridgingHeader.m"; sourceTree = "<group>"; };
/* End PBXFileReference section */

/* Begin PBXFrameworksBuildPhase section */
		E11CE1211CE792E40056B6C9 /* Frameworks */ = {
			isa = PBXFrameworksBuildPhase;
			buildActionMask = 2147483647;
			files = (
				E11CE1471CE79F690056B6C9 /* FBSDKLoginKit.framework in Frameworks */,
				E11CE1461CE79F690056B6C9 /* FBSDKCoreKit.framework in Frameworks */,
				E11CE1481CE79F690056B6C9 /* FBSDKShareKit.framework in Frameworks */,
			);
			runOnlyForDeploymentPostprocessing = 0;
		};
/* End PBXFrameworksBuildPhase section */

/* Begin PBXGroup section */
		E11CE11B1CE792E40056B6C9 = {
			isa = PBXGroup;
			children = (
				E11CE1261CE792E40056B6C9 /* Hackathon App */,
				E11CE1251CE792E40056B6C9 /* Products */,
				E11CE1431CE79F690056B6C9 /* FBSDKCoreKit.framework */,
				E11CE1441CE79F690056B6C9 /* FBSDKLoginKit.framework */,
				E11CE1451CE79F690056B6C9 /* FBSDKShareKit.framework */,
			);
			sourceTree = "<group>";
		};
		E11CE1251CE792E40056B6C9 /* Products */ = {
			isa = PBXGroup;
			children = (
				E11CE1241CE792E40056B6C9 /* Hackathon App.app */,
			);
			name = Products;
			sourceTree = "<group>";
		};
		E11CE1261CE792E40056B6C9 /* Hackathon App */ = {
			isa = PBXGroup;
			children = (
				E11CE1271CE792E40056B6C9 /* AppDelegate.swift */,
				E11CE14A1CE7A24D0056B6C9 /* Objective-CBridgingHeader.m */,
				E11CE1291CE792E40056B6C9 /* ViewController.swift */,
				E11CE12B1CE792E40056B6C9 /* StartPage.storyboard */,
				E11CE13B1CE79B8C0056B6C9 /* DataModel.swift */,
				E11CE1411CE79E0A0056B6C9 /* ProjectListTableViewController.swift */,
				E11CE13F1CE79C810056B6C9 /* ProjectListTable.swift */,
				E11CE13D1CE79C6B0056B6C9 /* ProjectListCell.swift */,
				E11CE1391CE795670056B6C9 /* FindCauses.storyboard */,
				E11CE12E1CE792E40056B6C9 /* Assets.xcassets */,
				E11CE1301CE792E40056B6C9 /* LaunchScreen.storyboard */,
				E11CE1331CE792E40056B6C9 /* Info.plist */,
				E11CE1491CE7A24D0056B6C9 /* Hackathon App-Bridging-Header.h */,
			);
			path = "Hackathon App";
			sourceTree = "<group>";
		};
/* End PBXGroup section */

/* Begin PBXNativeTarget section */
		E11CE1231CE792E40056B6C9 /* Hackathon App */ = {
			isa = PBXNativeTarget;
			buildConfigurationList = E11CE1361CE792E40056B6C9 /* Build configuration list for PBXNativeTarget "Hackathon App" */;
			buildPhases = (
				E11CE1201CE792E40056B6C9 /* Sources */,
				E11CE1211CE792E40056B6C9 /* Frameworks */,
				E11CE1221CE792E40056B6C9 /* Resources */,
			);
			buildRules = (
			);
			dependencies = (
			);
			name = "Hackathon App";
			productName = "Hackathon App";
			productReference = E11CE1241CE792E40056B6C9 /* Hackathon App.app */;
			productType = "com.apple.product-type.application";
		};
/* End PBXNativeTarget section */

/* Begin PBXProject section */
		E11CE11C1CE792E40056B6C9 /* Project object */ = {
			isa = PBXProject;
			attributes = {
				LastSwiftUpdateCheck = 0730;
				LastUpgradeCheck = 0730;
				ORGANIZATIONNAME = NataliaDeveloper;
				TargetAttributes = {
					E11CE1231CE792E40056B6C9 = {
						CreatedOnToolsVersion = 7.3;
					};
				};
			};
			buildConfigurationList = E11CE11F1CE792E40056B6C9 /* Build configuration list for PBXProject "Hackathon App" */;
			compatibilityVersion = "Xcode 3.2";
			developmentRegion = English;
			hasScannedForEncodings = 0;
			knownRegions = (
				en,
				Base,
			);
			mainGroup = E11CE11B1CE792E40056B6C9;
			productRefGroup = E11CE1251CE792E40056B6C9 /* Products */;
			projectDirPath = "";
			projectRoot = "";
			targets = (
				E11CE1231CE792E40056B6C9 /* Hackathon App */,
			);
		};
/* End PBXProject section */

/* Begin PBXResourcesBuildPhase section */
		E11CE1221CE792E40056B6C9 /* Resources */ = {
			isa = PBXResourcesBuildPhase;
			buildActionMask = 2147483647;
			files = (
				E11CE1321CE792E40056B6C9 /* LaunchScreen.storyboard in Resources */,
				E11CE13A1CE795670056B6C9 /* FindCauses.storyboard in Resources */,
				E11CE12F1CE792E40056B6C9 /* Assets.xcassets in Resources */,
				E11CE12D1CE792E40056B6C9 /* StartPage.storyboard in Resources */,
			);
			runOnlyForDeploymentPostprocessing = 0;
		};
/* End PBXResourcesBuildPhase section */

/* Begin PBXSourcesBuildPhase section */
		E11CE1201CE792E40056B6C9 /* Sources */ = {
			isa = PBXSourcesBuildPhase;
			buildActionMask = 2147483647;
			files = (
				E11CE12A1CE792E40056B6C9 /* ViewController.swift in Sources */,
				E11CE14B1CE7A24D0056B6C9 /* Objective-CBridgingHeader.m in Sources */,
				E11CE1421CE79E0A0056B6C9 /* ProjectListTableViewController.swift in Sources */,
				E11CE1281CE792E40056B6C9 /* AppDelegate.swift in Sources */,
				E11CE1401CE79C810056B6C9 /* ProjectListTable.swift in Sources */,
				E11CE13C1CE79B8C0056B6C9 /* DataModel.swift in Sources */,
				E11CE13E1CE79C6B0056B6C9 /* ProjectListCell.swift in Sources */,
			);
			runOnlyForDeploymentPostprocessing = 0;
		};
/* End PBXSourcesBuildPhase section */

/* Begin PBXVariantGroup section */
		E11CE12B1CE792E40056B6C9 /* StartPage.storyboard */ = {
			isa = PBXVariantGroup;
			children = (
				E11CE12C1CE792E40056B6C9 /* Base */,
			);
			name = StartPage.storyboard;
			sourceTree = "<group>";
		};
		E11CE1301CE792E40056B6C9 /* LaunchScreen.storyboard */ = {
			isa = PBXVariantGroup;
			children = (
				E11CE1311CE792E40056B6C9 /* Base */,
			);
			name = LaunchScreen.storyboard;
			sourceTree = "<group>";
		};
/* End PBXVariantGroup section */

/* Begin XCBuildConfiguration section */
		E11CE1341CE792E40056B6C9 /* Debug */ = {
			isa = XCBuildConfiguration;
			buildSettings = {
				ALWAYS_SEARCH_USER_PATHS = NO;
				CLANG_ANALYZER_NONNULL = YES;
				CLANG_CXX_LANGUAGE_STANDARD = "gnu++0x";
				CLANG_CXX_LIBRARY = "libc++";
				CLANG_ENABLE_MODULES = YES;
				CLANG_ENABLE_OBJC_ARC = YES;
				CLANG_WARN_BOOL_CONVERSION = YES;
				CLANG_WARN_CONSTANT_CONVERSION = YES;
				CLANG_WARN_DIRECT_OBJC_ISA_USAGE = YES_ERROR;
				CLANG_WARN_EMPTY_BODY = YES;
				CLANG_WARN_ENUM_CONVERSION = YES;
				CLANG_WARN_INT_CONVERSION = YES;
				CLANG_WARN_OBJC_ROOT_CLASS = YES_ERROR;
				CLANG_WARN_UNREACHABLE_CODE = YES;
				CLANG_WARN__DUPLICATE_METHOD_MATCH = YES;
				"CODE_SIGN_IDENTITY[sdk=iphoneos*]" = "iPhone Developer";
				COPY_PHASE_STRIP = NO;
				DEBUG_INFORMATION_FORMAT = dwarf;
				ENABLE_STRICT_OBJC_MSGSEND = YES;
				ENABLE_TESTABILITY = YES;
				GCC_C_LANGUAGE_STANDARD = gnu99;
				GCC_DYNAMIC_NO_PIC = NO;
				GCC_NO_COMMON_BLOCKS = YES;
				GCC_OPTIMIZATION_LEVEL = 0;
				GCC_PREPROCESSOR_DEFINITIONS = (
					"DEBUG=1",
					"$(inherited)",
				);
				GCC_WARN_64_TO_32_BIT_CONVERSION = YES;
				GCC_WARN_ABOUT_RETURN_TYPE = YES_ERROR;
				GCC_WARN_UNDECLARED_SELECTOR = YES;
				GCC_WARN_UNINITIALIZED_AUTOS = YES_AGGRESSIVE;
				GCC_WARN_UNUSED_FUNCTION = YES;
				GCC_WARN_UNUSED_VARIABLE = YES;
				IPHONEOS_DEPLOYMENT_TARGET = 9.3;
				MTL_ENABLE_DEBUG_INFO = YES;
				ONLY_ACTIVE_ARCH = YES;
				SDKROOT = iphoneos;
				SWIFT_OPTIMIZATION_LEVEL = "-Onone";
				TARGETED_DEVICE_FAMILY = "1,2";
			};
			name = Debug;
		};
		E11CE1351CE792E40056B6C9 /* Release */ = {
			isa = XCBuildConfiguration;
			buildSettings = {
				ALWAYS_SEARCH_USER_PATHS = NO;
				CLANG_ANALYZER_NONNULL = YES;
				CLANG_CXX_LANGUAGE_STANDARD = "gnu++0x";
				CLANG_CXX_LIBRARY = "libc++";
				CLANG_ENABLE_MODULES = YES;
				CLANG_ENABLE_OBJC_ARC = YES;
				CLANG_WARN_BOOL_CONVERSION = YES;
				CLANG_WARN_CONSTANT_CONVERSION = YES;
				CLANG_WARN_DIRECT_OBJC_ISA_USAGE = YES_ERROR;
				CLANG_WARN_EMPTY_BODY = YES;
				CLANG_WARN_ENUM_CONVERSION = YES;
				CLANG_WARN_INT_CONVERSION = YES;
				CLANG_WARN_OBJC_ROOT_CLASS = YES_ERROR;
				CLANG_WARN_UNREACHABLE_CODE = YES;
				CLANG_WARN__DUPLICATE_METHOD_MATCH = YES;
				"CODE_SIGN_IDENTITY[sdk=iphoneos*]" = "iPhone Developer";
				COPY_PHASE_STRIP = NO;
				DEBUG_INFORMATION_FORMAT = "dwarf-with-dsym";
				ENABLE_NS_ASSERTIONS = NO;
				ENABLE_STRICT_OBJC_MSGSEND = YES;
				GCC_C_LANGUAGE_STANDARD = gnu99;
				GCC_NO_COMMON_BLOCKS = YES;
				GCC_WARN_64_TO_32_BIT_CONVERSION = YES;
				GCC_WARN_ABOUT_RETURN_TYPE = YES_ERROR;
				GCC_WARN_UNDECLARED_SELECTOR = YES;
				GCC_WARN_UNINITIALIZED_AUTOS = YES_AGGRESSIVE;
				GCC_WARN_UNUSED_FUNCTION = YES;
				GCC_WARN_UNUSED_VARIABLE = YES;
				IPHONEOS_DEPLOYMENT_TARGET = 9.3;
				MTL_ENABLE_DEBUG_INFO = NO;
				SDKROOT = iphoneos;
				TARGETED_DEVICE_FAMILY = "1,2";
				VALIDATE_PRODUCT = YES;
			};
			name = Release;
		};
		E11CE1371CE792E40056B6C9 /* Debug */ = {
			isa = XCBuildConfiguration;
			buildSettings = {
				ASSETCATALOG_COMPILER_APPICON_NAME = AppIcon;
				CLANG_ENABLE_MODULES = YES;
				FRAMEWORK_SEARCH_PATHS = (
					"$(inherited)",
					"$(PROJECT_DIR)",
				);
				INFOPLIST_FILE = "Hackathon App/Info.plist";
				LD_RUNPATH_SEARCH_PATHS = "$(inherited) @executable_path/Frameworks";
				PRODUCT_BUNDLE_IDENTIFIER = "nataliachodelski.Hackathon-App";
				PRODUCT_NAME = "$(TARGET_NAME)";
				SWIFT_OBJC_BRIDGING_HEADER = "Hackathon App/Hackathon App-Bridging-Header.h";
				SWIFT_OPTIMIZATION_LEVEL = "-Onone";
			};
			name = Debug;
		};
		E11CE1381CE792E40056B6C9 /* Release */ = {
			isa = XCBuildConfiguration;
			buildSettings = {
				ASSETCATALOG_COMPILER_APPICON_NAME = AppIcon;
				CLANG_ENABLE_MODULES = YES;
				FRAMEWORK_SEARCH_PATHS = (
					"$(inherited)",
					"$(PROJECT_DIR)",
				);
				INFOPLIST_FILE = "Hackathon App/Info.plist";
				LD_RUNPATH_SEARCH_PATHS = "$(inherited) @executable_path/Frameworks";
				PRODUCT_BUNDLE_IDENTIFIER = "nataliachodelski.Hackathon-App";
				PRODUCT_NAME = "$(TARGET_NAME)";
				SWIFT_OBJC_BRIDGING_HEADER = "Hackathon App/Hackathon App-Bridging-Header.h";
			};
			name = Release;
		};
/* End XCBuildConfiguration section */

/* Begin XCConfigurationList section */
		E11CE11F1CE792E40056B6C9 /* Build configuration list for PBXProject "Hackathon App" */ = {
			isa = XCConfigurationList;
			buildConfigurations = (
				E11CE1341CE792E40056B6C9 /* Debug */,
				E11CE1351CE792E40056B6C9 /* Release */,
			);
			defaultConfigurationIsVisible = 0;
			defaultConfigurationName = Release;
		};
		E11CE1361CE792E40056B6C9 /* Build configuration list for PBXNativeTarget "Hackathon App" */ = {
			isa = XCConfigurationList;
			buildConfigurations = (
				E11CE1371CE792E40056B6C9 /* Debug */,
				E11CE1381CE792E40056B6C9 /* Release */,
			);
			defaultConfigurationIsVisible = 0;
		};
/* End XCConfigurationList section */
	};
	rootObject = E11CE11C1CE792E40056B6C9 /* Project object */;
}
