// !$*UTF8*$!
{
	archiveVersion = 1;
	classes = {
	};
	objectVersion = 46;
	objects = {

/* Begin PBXBuildFile section */
		CC5782FA2C46E40FB07FF6D5 /* Pods_Hackathon_App.framework in Frameworks */ = {isa = PBXBuildFile; fileRef = 8740729504D1542B200E3350 /* Pods_Hackathon_App.framework */; };
		E11CE1281CE792E40056B6C9 /* AppDelegate.swift in Sources */ = {isa = PBXBuildFile; fileRef = E11CE1271CE792E40056B6C9 /* AppDelegate.swift */; };
		E11CE12D1CE792E40056B6C9 /* StartPage.storyboard in Resources */ = {isa = PBXBuildFile; fileRef = E11CE12B1CE792E40056B6C9 /* StartPage.storyboard */; };
		E11CE12F1CE792E40056B6C9 /* Assets.xcassets in Resources */ = {isa = PBXBuildFile; fileRef = E11CE12E1CE792E40056B6C9 /* Assets.xcassets */; };
		E11CE1321CE792E40056B6C9 /* LaunchScreen.storyboard in Resources */ = {isa = PBXBuildFile; fileRef = E11CE1301CE792E40056B6C9 /* LaunchScreen.storyboard */; };
		E11CE13E1CE79C6B0056B6C9 /* ProjectListCell.swift in Sources */ = {isa = PBXBuildFile; fileRef = E11CE13D1CE79C6B0056B6C9 /* ProjectListCell.swift */; };
		E11CE1421CE79E0A0056B6C9 /* ProjectListTableViewController.swift in Sources */ = {isa = PBXBuildFile; fileRef = E11CE1411CE79E0A0056B6C9 /* ProjectListTableViewController.swift */; };
		E11CE1461CE79F690056B6C9 /* FBSDKCoreKit.framework in Frameworks */ = {isa = PBXBuildFile; fileRef = E11CE1431CE79F690056B6C9 /* FBSDKCoreKit.framework */; };
		E11CE1471CE79F690056B6C9 /* FBSDKLoginKit.framework in Frameworks */ = {isa = PBXBuildFile; fileRef = E11CE1441CE79F690056B6C9 /* FBSDKLoginKit.framework */; };
		E11CE1481CE79F690056B6C9 /* FBSDKShareKit.framework in Frameworks */ = {isa = PBXBuildFile; fileRef = E11CE1451CE79F690056B6C9 /* FBSDKShareKit.framework */; };
		E11CE14B1CE7A24D0056B6C9 /* Objective-CBridgingHeader.m in Sources */ = {isa = PBXBuildFile; fileRef = E11CE14A1CE7A24D0056B6C9 /* Objective-CBridgingHeader.m */; };
		E11CE14D1CE7BA470056B6C9 /* PagingIntroViewController.swift in Sources */ = {isa = PBXBuildFile; fileRef = E11CE14C1CE7BA470056B6C9 /* PagingIntroViewController.swift */; };
		E143AA991CE80574009DD851 /* projects.json in Resources */ = {isa = PBXBuildFile; fileRef = E143AA981CE80574009DD851 /* projects.json */; };
		E1923A411CEA668300164990 /* FBLoginApISwift.swift in Sources */ = {isa = PBXBuildFile; fileRef = E1923A401CEA668300164990 /* FBLoginApISwift.swift */; };
		E1923A431CEA6C3E00164990 /* FindCauses.storyboard in Resources */ = {isa = PBXBuildFile; fileRef = E1923A421CEA6C3E00164990 /* FindCauses.storyboard */; };
		E1923A451CEBE7CB00164990 /* DataModel.swift in Sources */ = {isa = PBXBuildFile; fileRef = E1923A441CEBE7CB00164990 /* DataModel.swift */; };
		E1B38F8B1D01F49E006AECCD /* DetailViewController.swift in Sources */ = {isa = PBXBuildFile; fileRef = E1B38F8A1D01F49E006AECCD /* DetailViewController.swift */; };
/* End PBXBuildFile section */

/* Begin PBXFileReference section */
		231D8151051C3AB09FE063F8 /* Pods-Hackathon App.debug.xcconfig */ = {isa = PBXFileReference; includeInIndex = 1; lastKnownFileType = text.xcconfig; name = "Pods-Hackathon App.debug.xcconfig"; path = "Pods/Target Support Files/Pods-Hackathon App/Pods-Hackathon App.debug.xcconfig"; sourceTree = "<group>"; };
		8740729504D1542B200E3350 /* Pods_Hackathon_App.framework */ = {isa = PBXFileReference; explicitFileType = wrapper.framework; includeInIndex = 0; path = Pods_Hackathon_App.framework; sourceTree = BUILT_PRODUCTS_DIR; };
		8A618BC87340F6C3D892DA56 /* Pods-Hackathon App.release.xcconfig */ = {isa = PBXFileReference; includeInIndex = 1; lastKnownFileType = text.xcconfig; name = "Pods-Hackathon App.release.xcconfig"; path = "Pods/Target Support Files/Pods-Hackathon App/Pods-Hackathon App.release.xcconfig"; sourceTree = "<group>"; };
		E11CE1241CE792E40056B6C9 /* Wildfire App.app */ = {isa = PBXFileReference; explicitFileType = wrapper.application; includeInIndex = 0; path = "Wildfire App.app"; sourceTree = BUILT_PRODUCTS_DIR; };
		E11CE1271CE792E40056B6C9 /* AppDelegate.swift */ = {isa = PBXFileReference; lastKnownFileType = sourcecode.swift; path = AppDelegate.swift; sourceTree = "<group>"; };
		E11CE12C1CE792E40056B6C9 /* Base */ = {isa = PBXFileReference; lastKnownFileType = file.storyboard; name = Base; path = Base.lproj/StartPage.storyboard; sourceTree = "<group>"; };
		E11CE12E1CE792E40056B6C9 /* Assets.xcassets */ = {isa = PBXFileReference; lastKnownFileType = folder.assetcatalog; path = Assets.xcassets; sourceTree = "<group>"; };
		E11CE1311CE792E40056B6C9 /* Base */ = {isa = PBXFileReference; lastKnownFileType = file.storyboard; name = Base; path = Base.lproj/LaunchScreen.storyboard; sourceTree = "<group>"; };
		E11CE1331CE792E40056B6C9 /* Info.plist */ = {isa = PBXFileReference; lastKnownFileType = text.plist.xml; path = Info.plist; sourceTree = "<group>"; };
		E11CE13D1CE79C6B0056B6C9 /* ProjectListCell.swift */ = {isa = PBXFileReference; fileEncoding = 4; lastKnownFileType = sourcecode.swift; path = ProjectListCell.swift; sourceTree = "<group>"; };
		E11CE1411CE79E0A0056B6C9 /* ProjectListTableViewController.swift */ = {isa = PBXFileReference; fileEncoding = 4; lastKnownFileType = sourcecode.swift; name = ProjectListTableViewController.swift; path = ../ProjectListTableViewController.swift; sourceTree = "<group>"; };
		E11CE1431CE79F690056B6C9 /* FBSDKCoreKit.framework */ = {isa = PBXFileReference; lastKnownFileType = wrapper.framework; path = FBSDKCoreKit.framework; sourceTree = "<group>"; };
		E11CE1441CE79F690056B6C9 /* FBSDKLoginKit.framework */ = {isa = PBXFileReference; lastKnownFileType = wrapper.framework; path = FBSDKLoginKit.framework; sourceTree = "<group>"; };
		E11CE1451CE79F690056B6C9 /* FBSDKShareKit.framework */ = {isa = PBXFileReference; lastKnownFileType = wrapper.framework; path = FBSDKShareKit.framework; sourceTree = "<group>"; };
		E11CE14A1CE7A24D0056B6C9 /* Objective-CBridgingHeader.m */ = {isa = PBXFileReference; fileEncoding = 4; lastKnownFileType = sourcecode.c.objc; path = "Objective-CBridgingHeader.m"; sourceTree = "<group>"; };
		E11CE14C1CE7BA470056B6C9 /* PagingIntroViewController.swift */ = {isa = PBXFileReference; fileEncoding = 4; lastKnownFileType = sourcecode.swift; path = PagingIntroViewController.swift; sourceTree = "<group>"; };
		E143AA981CE80574009DD851 /* projects.json */ = {isa = PBXFileReference; fileEncoding = 4; lastKnownFileType = text.json; path = projects.json; sourceTree = "<group>"; };
		E1923A401CEA668300164990 /* FBLoginApISwift.swift */ = {isa = PBXFileReference; fileEncoding = 4; lastKnownFileType = sourcecode.swift; path = FBLoginApISwift.swift; sourceTree = "<group>"; };
		E1923A421CEA6C3E00164990 /* FindCauses.storyboard */ = {isa = PBXFileReference; fileEncoding = 4; lastKnownFileType = file.storyboard; path = FindCauses.storyboard; sourceTree = "<group>"; };
		E1923A441CEBE7CB00164990 /* DataModel.swift */ = {isa = PBXFileReference; fileEncoding = 4; lastKnownFileType = sourcecode.swift; path = DataModel.swift; sourceTree = "<group>"; };
		E1B38F8A1D01F49E006AECCD /* DetailViewController.swift */ = {isa = PBXFileReference; fileEncoding = 4; lastKnownFileType = sourcecode.swift; path = DetailViewController.swift; sourceTree = "<group>"; };
/* End PBXFileReference section */

/* Begin PBXFrameworksBuildPhase section */
		E11CE1211CE792E40056B6C9 /* Frameworks */ = {
			isa = PBXFrameworksBuildPhase;
			buildActionMask = 2147483647;
			files = (
				E11CE1471CE79F690056B6C9 /* FBSDKLoginKit.framework in Frameworks */,
				E11CE1461CE79F690056B6C9 /* FBSDKCoreKit.framework in Frameworks */,
				E11CE1481CE79F690056B6C9 /* FBSDKShareKit.framework in Frameworks */,
				CC5782FA2C46E40FB07FF6D5 /* Pods_Hackathon_App.framework in Frameworks */,
			);
			runOnlyForDeploymentPostprocessing = 0;
		};
/* End PBXFrameworksBuildPhase section */

/* Begin PBXGroup section */
		847358205BBBFE5E00D17662 /* Frameworks */ = {
			isa = PBXGroup;
			children = (
				E11CE1431CE79F690056B6C9 /* FBSDKCoreKit.framework */,
				E11CE1441CE79F690056B6C9 /* FBSDKLoginKit.framework */,
				E11CE1451CE79F690056B6C9 /* FBSDKShareKit.framework */,
				8740729504D1542B200E3350 /* Pods_Hackathon_App.framework */,
			);
			name = Frameworks;
			sourceTree = "<group>";
		};
		D0CD9D80D2BFC6464C33E532 /* Pods */ = {
			isa = PBXGroup;
			children = (
				231D8151051C3AB09FE063F8 /* Pods-Hackathon App.debug.xcconfig */,
				8A618BC87340F6C3D892DA56 /* Pods-Hackathon App.release.xcconfig */,
			);
			name = Pods;
			sourceTree = "<group>";
		};
		E11CE11B1CE792E40056B6C9 = {
			isa = PBXGroup;
			children = (
				E11CE1261CE792E40056B6C9 /* Wildfire App */,
				E11CE1251CE792E40056B6C9 /* Products */,
				D0CD9D80D2BFC6464C33E532 /* Pods */,
				847358205BBBFE5E00D17662 /* Frameworks */,
			);
			sourceTree = "<group>";
		};
		E11CE1251CE792E40056B6C9 /* Products */ = {
			isa = PBXGroup;
			children = (
				E11CE1241CE792E40056B6C9 /* Wildfire App.app */,
			);
			name = Products;
			sourceTree = "<group>";
		};
		E11CE1261CE792E40056B6C9 /* Wildfire App */ = {
			isa = PBXGroup;
			children = (
				E143AA9A1CE80589009DD851 /* Resources */,
				E11CE1301CE792E40056B6C9 /* LaunchScreen.storyboard */,
				E11CE12B1CE792E40056B6C9 /* StartPage.storyboard */,
				E1923A421CEA6C3E00164990 /* FindCauses.storyboard */,
				E1B38F8A1D01F49E006AECCD /* DetailViewController.swift */,
				E11CE14C1CE7BA470056B6C9 /* PagingIntroViewController.swift */,
				E11CE1411CE79E0A0056B6C9 /* ProjectListTableViewController.swift */,
				E1923A401CEA668300164990 /* FBLoginApISwift.swift */,
				E11CE13D1CE79C6B0056B6C9 /* ProjectListCell.swift */,
				E1923A441CEBE7CB00164990 /* DataModel.swift */,
				E11CE1271CE792E40056B6C9 /* AppDelegate.swift */,
			);
			name = "Wildfire App";
			path = "Hackathon App";
			sourceTree = "<group>";
		};
		E143AA9A1CE80589009DD851 /* Resources */ = {
			isa = PBXGroup;
			children = (
				E11CE14A1CE7A24D0056B6C9 /* Objective-CBridgingHeader.m */,
				E143AA981CE80574009DD851 /* projects.json */,
				E11CE12E1CE792E40056B6C9 /* Assets.xcassets */,
				E11CE1331CE792E40056B6C9 /* Info.plist */,
			);
			name = Resources;
			sourceTree = "<group>";
		};
/* End PBXGroup section */

/* Begin PBXNativeTarget section */
		E11CE1231CE792E40056B6C9 /* Wildfire App */ = {
			isa = PBXNativeTarget;
			buildConfigurationList = E11CE1361CE792E40056B6C9 /* Build configuration list for PBXNativeTarget "Wildfire App" */;
			buildPhases = (
				88CF62E7064550492889EFCF /* Check Pods Manifest.lock */,
				E11CE1201CE792E40056B6C9 /* Sources */,
				E11CE1211CE792E40056B6C9 /* Frameworks */,
				E11CE1221CE792E40056B6C9 /* Resources */,
				B2DC38F6F998875D0C86849F /* Embed Pods Frameworks */,
				F1ACD31B7BB60F0EE21FE823 /* Copy Pods Resources */,
			);
			buildRules = (
			);
			dependencies = (
			);
			name = "Wildfire App";
			productName = "Hackathon App";
			productReference = E11CE1241CE792E40056B6C9 /* Wildfire App.app */;
			productType = "com.apple.product-type.application";
		};
/* End PBXNativeTarget section */

/* Begin PBXProject section */
		E11CE11C1CE792E40056B6C9 /* Project object */ = {
			isa = PBXProject;
			attributes = {
				LastSwiftUpdateCheck = 0730;
				LastUpgradeCheck = 0730;
				ORGANIZATIONNAME = NataliaDeveloper;
				TargetAttributes = {
					E11CE1231CE792E40056B6C9 = {
						CreatedOnToolsVersion = 7.3;
						DevelopmentTeam = X7Y2N6M5RS;
					};
				};
			};
			buildConfigurationList = E11CE11F1CE792E40056B6C9 /* Build configuration list for PBXProject "Wildfire App" */;
			compatibilityVersion = "Xcode 3.2";
			developmentRegion = English;
			hasScannedForEncodings = 0;
			knownRegions = (
				en,
				Base,
			);
			mainGroup = E11CE11B1CE792E40056B6C9;
			productRefGroup = E11CE1251CE792E40056B6C9 /* Products */;
			projectDirPath = "";
			projectRoot = "";
			targets = (
				E11CE1231CE792E40056B6C9 /* Wildfire App */,
			);
		};
/* End PBXProject section */

/* Begin PBXResourcesBuildPhase section */
		E11CE1221CE792E40056B6C9 /* Resources */ = {
			isa = PBXResourcesBuildPhase;
			buildActionMask = 2147483647;
			files = (
				E11CE1321CE792E40056B6C9 /* LaunchScreen.storyboard in Resources */,
				E143AA991CE80574009DD851 /* projects.json in Resources */,
				E11CE12F1CE792E40056B6C9 /* Assets.xcassets in Resources */,
				E11CE12D1CE792E40056B6C9 /* StartPage.storyboard in Resources */,
				E1923A431CEA6C3E00164990 /* FindCauses.storyboard in Resources */,
			);
			runOnlyForDeploymentPostprocessing = 0;
		};
/* End PBXResourcesBuildPhase section */

/* Begin PBXShellScriptBuildPhase section */
		88CF62E7064550492889EFCF /* Check Pods Manifest.lock */ = {
			isa = PBXShellScriptBuildPhase;
			buildActionMask = 2147483647;
			files = (
			);
			inputPaths = (
			);
			name = "Check Pods Manifest.lock";
			outputPaths = (
			);
			runOnlyForDeploymentPostprocessing = 0;
			shellPath = /bin/sh;
			shellScript = "diff \"${PODS_ROOT}/../Podfile.lock\" \"${PODS_ROOT}/Manifest.lock\" > /dev/null\nif [[ $? != 0 ]] ; then\n    cat << EOM\nerror: The sandbox is not in sync with the Podfile.lock. Run 'pod install' or update your CocoaPods installation.\nEOM\n    exit 1\nfi\n";
			showEnvVarsInLog = 0;
		};
		B2DC38F6F998875D0C86849F /* Embed Pods Frameworks */ = {
			isa = PBXShellScriptBuildPhase;
			buildActionMask = 2147483647;
			files = (
			);
			inputPaths = (
			);
			name = "Embed Pods Frameworks";
			outputPaths = (
			);
			runOnlyForDeploymentPostprocessing = 0;
			shellPath = /bin/sh;
			shellScript = "\"${SRCROOT}/Pods/Target Support Files/Pods-Hackathon App/Pods-Hackathon App-frameworks.sh\"\n";
			showEnvVarsInLog = 0;
		};
		F1ACD31B7BB60F0EE21FE823 /* Copy Pods Resources */ = {
			isa = PBXShellScriptBuildPhase;
			buildActionMask = 2147483647;
			files = (
			);
			inputPaths = (
			);
			name = "Copy Pods Resources";
			outputPaths = (
			);
			runOnlyForDeploymentPostprocessing = 0;
			shellPath = /bin/sh;
			shellScript = "\"${SRCROOT}/Pods/Target Support Files/Pods-Hackathon App/Pods-Hackathon App-resources.sh\"\n";
			showEnvVarsInLog = 0;
		};
/* End PBXShellScriptBuildPhase section */

/* Begin PBXSourcesBuildPhase section */
		E11CE1201CE792E40056B6C9 /* Sources */ = {
			isa = PBXSourcesBuildPhase;
			buildActionMask = 2147483647;
			files = (
				E1923A451CEBE7CB00164990 /* DataModel.swift in Sources */,
				E11CE14B1CE7A24D0056B6C9 /* Objective-CBridgingHeader.m in Sources */,
				E11CE1421CE79E0A0056B6C9 /* ProjectListTableViewController.swift in Sources */,
				E11CE14D1CE7BA470056B6C9 /* PagingIntroViewController.swift in Sources */,
				E11CE1281CE792E40056B6C9 /* AppDelegate.swift in Sources */,
				E11CE13E1CE79C6B0056B6C9 /* ProjectListCell.swift in Sources */,
				E1923A411CEA668300164990 /* FBLoginApISwift.swift in Sources */,
				E1B38F8B1D01F49E006AECCD /* DetailViewController.swift in Sources */,
			);
			runOnlyForDeploymentPostprocessing = 0;
		};
/* End PBXSourcesBuildPhase section */

/* Begin PBXVariantGroup section */
		E11CE12B1CE792E40056B6C9 /* StartPage.storyboard */ = {
			isa = PBXVariantGroup;
			children = (
				E11CE12C1CE792E40056B6C9 /* Base */,
			);
			name = StartPage.storyboard;
			sourceTree = "<group>";
		};
		E11CE1301CE792E40056B6C9 /* LaunchScreen.storyboard */ = {
			isa = PBXVariantGroup;
			children = (
				E11CE1311CE792E40056B6C9 /* Base */,
			);
			name = LaunchScreen.storyboard;
			sourceTree = "<group>";
		};
/* End PBXVariantGroup section */

/* Begin XCBuildConfiguration section */
		E11CE1341CE792E40056B6C9 /* Debug */ = {
			isa = XCBuildConfiguration;
			buildSettings = {
				ALWAYS_SEARCH_USER_PATHS = NO;
				CLANG_ANALYZER_NONNULL = YES;
				CLANG_CXX_LANGUAGE_STANDARD = "gnu++0x";
				CLANG_CXX_LIBRARY = "libc++";
				CLANG_ENABLE_MODULES = YES;
				CLANG_ENABLE_OBJC_ARC = YES;
				CLANG_WARN_BOOL_CONVERSION = YES;
				CLANG_WARN_CONSTANT_CONVERSION = YES;
				CLANG_WARN_DIRECT_OBJC_ISA_USAGE = YES_ERROR;
				CLANG_WARN_EMPTY_BODY = YES;
				CLANG_WARN_ENUM_CONVERSION = YES;
				CLANG_WARN_INT_CONVERSION = YES;
				CLANG_WARN_OBJC_ROOT_CLASS = YES_ERROR;
				CLANG_WARN_UNREACHABLE_CODE = YES;
				CLANG_WARN__DUPLICATE_METHOD_MATCH = YES;
				"CODE_SIGN_IDENTITY[sdk=iphoneos*]" = "iPhone Developer";
				COPY_PHASE_STRIP = NO;
				DEBUG_INFORMATION_FORMAT = dwarf;
				ENABLE_STRICT_OBJC_MSGSEND = YES;
				ENABLE_TESTABILITY = YES;
				GCC_C_LANGUAGE_STANDARD = gnu99;
				GCC_DYNAMIC_NO_PIC = NO;
				GCC_NO_COMMON_BLOCKS = YES;
				GCC_OPTIMIZATION_LEVEL = 0;
				GCC_PREPROCESSOR_DEFINITIONS = (
					"DEBUG=1",
					"$(inherited)",
				);
				GCC_WARN_64_TO_32_BIT_CONVERSION = YES;
				GCC_WARN_ABOUT_RETURN_TYPE = YES_ERROR;
				GCC_WARN_UNDECLARED_SELECTOR = YES;
				GCC_WARN_UNINITIALIZED_AUTOS = YES_AGGRESSIVE;
				GCC_WARN_UNUSED_FUNCTION = YES;
				GCC_WARN_UNUSED_VARIABLE = YES;
				IPHONEOS_DEPLOYMENT_TARGET = 9.3;
				MTL_ENABLE_DEBUG_INFO = YES;
				ONLY_ACTIVE_ARCH = YES;
				SDKROOT = iphoneos;
				SWIFT_OPTIMIZATION_LEVEL = "-Onone";
				TARGETED_DEVICE_FAMILY = "1,2";
			};
			name = Debug;
		};
		E11CE1351CE792E40056B6C9 /* Release */ = {
			isa = XCBuildConfiguration;
			buildSettings = {
				ALWAYS_SEARCH_USER_PATHS = NO;
				CLANG_ANALYZER_NONNULL = YES;
				CLANG_CXX_LANGUAGE_STANDARD = "gnu++0x";
				CLANG_CXX_LIBRARY = "libc++";
				CLANG_ENABLE_MODULES = YES;
				CLANG_ENABLE_OBJC_ARC = YES;
				CLANG_WARN_BOOL_CONVERSION = YES;
				CLANG_WARN_CONSTANT_CONVERSION = YES;
				CLANG_WARN_DIRECT_OBJC_ISA_USAGE = YES_ERROR;
				CLANG_WARN_EMPTY_BODY = YES;
				CLANG_WARN_ENUM_CONVERSION = YES;
				CLANG_WARN_INT_CONVERSION = YES;
				CLANG_WARN_OBJC_ROOT_CLASS = YES_ERROR;
				CLANG_WARN_UNREACHABLE_CODE = YES;
				CLANG_WARN__DUPLICATE_METHOD_MATCH = YES;
				"CODE_SIGN_IDENTITY[sdk=iphoneos*]" = "iPhone Developer";
				COPY_PHASE_STRIP = NO;
				DEBUG_INFORMATION_FORMAT = "dwarf-with-dsym";
				ENABLE_NS_ASSERTIONS = NO;
				ENABLE_STRICT_OBJC_MSGSEND = YES;
				GCC_C_LANGUAGE_STANDARD = gnu99;
				GCC_NO_COMMON_BLOCKS = YES;
				GCC_WARN_64_TO_32_BIT_CONVERSION = YES;
				GCC_WARN_ABOUT_RETURN_TYPE = YES_ERROR;
				GCC_WARN_UNDECLARED_SELECTOR = YES;
				GCC_WARN_UNINITIALIZED_AUTOS = YES_AGGRESSIVE;
				GCC_WARN_UNUSED_FUNCTION = YES;
				GCC_WARN_UNUSED_VARIABLE = YES;
				IPHONEOS_DEPLOYMENT_TARGET = 9.3;
				MTL_ENABLE_DEBUG_INFO = NO;
				SDKROOT = iphoneos;
				TARGETED_DEVICE_FAMILY = "1,2";
				VALIDATE_PRODUCT = YES;
			};
			name = Release;
		};
		E11CE1371CE792E40056B6C9 /* Debug */ = {
			isa = XCBuildConfiguration;
			baseConfigurationReference = 231D8151051C3AB09FE063F8 /* Pods-Hackathon App.debug.xcconfig */;
			buildSettings = {
				ASSETCATALOG_COMPILER_APPICON_NAME = AppIcon;
				CLANG_ENABLE_MODULES = YES;
				CODE_SIGN_IDENTITY = "iPhone Developer";
				"CODE_SIGN_IDENTITY[sdk=iphoneos*]" = "iPhone Developer";
				FRAMEWORK_SEARCH_PATHS = (
					"$(inherited)",
					"$(PROJECT_DIR)",
				);
				INFOPLIST_FILE = "Hackathon App/Info.plist";
				LD_RUNPATH_SEARCH_PATHS = "$(inherited) @executable_path/Frameworks";
				PRODUCT_BUNDLE_IDENTIFIER = "nataliachodelski.Wildfire-App";
				PRODUCT_NAME = "Wildfire App";
				PROVISIONING_PROFILE = "";
				SWIFT_OBJC_BRIDGING_HEADER = "Hackathon App/Hackathon App-Bridging-Header.h";
				SWIFT_OPTIMIZATION_LEVEL = "-Onone";
				TARGETED_DEVICE_FAMILY = 1;
			};
			name = Debug;
		};
		E11CE1381CE792E40056B6C9 /* Release */ = {
			isa = XCBuildConfiguration;
			baseConfigurationReference = 8A618BC87340F6C3D892DA56 /* Pods-Hackathon App.release.xcconfig */;
			buildSettings = {
				ASSETCATALOG_COMPILER_APPICON_NAME = AppIcon;
				CLANG_ENABLE_MODULES = YES;
				CODE_SIGN_IDENTITY = "iPhone Developer";
				"CODE_SIGN_IDENTITY[sdk=iphoneos*]" = "iPhone Developer";
				FRAMEWORK_SEARCH_PATHS = (
					"$(inherited)",
					"$(PROJECT_DIR)",
				);
				INFOPLIST_FILE = "Hackathon App/Info.plist";
				LD_RUNPATH_SEARCH_PATHS = "$(inherited) @executable_path/Frameworks";
				PRODUCT_BUNDLE_IDENTIFIER = "nataliachodelski.Wildfire-App";
				PRODUCT_NAME = "Wildfire App";
				PROVISIONING_PROFILE = "";
				SWIFT_OBJC_BRIDGING_HEADER = "Hackathon App/Hackathon App-Bridging-Header.h";
				TARGETED_DEVICE_FAMILY = 1;
			};
			name = Release;
		};
/* End XCBuildConfiguration section */

/* Begin XCConfigurationList section */
		E11CE11F1CE792E40056B6C9 /* Build configuration list for PBXProject "Wildfire App" */ = {
			isa = XCConfigurationList;
			buildConfigurations = (
				E11CE1341CE792E40056B6C9 /* Debug */,
				E11CE1351CE792E40056B6C9 /* Release */,
			);
			defaultConfigurationIsVisible = 0;
			defaultConfigurationName = Release;
		};
		E11CE1361CE792E40056B6C9 /* Build configuration list for PBXNativeTarget "Wildfire App" */ = {
			isa = XCConfigurationList;
			buildConfigurations = (
				E11CE1371CE792E40056B6C9 /* Debug */,
				E11CE1381CE792E40056B6C9 /* Release */,
			);
			defaultConfigurationIsVisible = 0;
			defaultConfigurationName = Release;
		};
/* End XCConfigurationList section */
	};
	rootObject = E11CE11C1CE792E40056B6C9 /* Project object */;
}
